{
  "name": "@battlepad/ingest",
  "version": "0.1.0",
  "lockfileVersion": 3,
  "requires": true,
  "packages": {
    "": {
      "name": "@battlepad/ingest",
      "version": "0.1.0",
      "dependencies": {
        "@pkmn/dex": "^0.9.0"
      }
    },
    "node_modules/@pkmn/dex": {
      "version": "0.9.38",
      "resolved": "https://registry.npmjs.org/@pkmn/dex/-/dex-0.9.38.tgz",
      "integrity": "sha512-5A6JNaIg5YGh5Av/WVAIhcI1HZh0hUeaknzIKFE+7R6ta4fHvEjrZ4XHWxwbPU9qQkStvsRkYIIUr2DHs5EjNQ==",
      "license": "MIT",
      "dependencies": {
        "@pkmn/dex-types": "^0.9.38"
      }
    },
    "node_modules/@pkmn/dex-types": {
      "version": "0.9.38",
      "resolved": "https://registry.npmjs.org/@pkmn/dex-types/-/dex-types-0.9.38.tgz",
      "integrity": "sha512-kzR+ib80JGaLMkNKCUAZ4Lf02Eg3FfkExoDKustWHqt30BC/SkR22aBdXm/Gbk8tnqPgRFSJRmCytaRI3scHBw==",
      "license": "MIT",
      "dependencies": {
        "@pkmn/types": "^4.0.0"
      }
    },
    "node_modules/@pkmn/types": {
      "version": "4.0.0",
      "resolved": "https://registry.npmjs.org/@pkmn/types/-/types-4.0.0.tgz",
      "integrity": "sha512-gR2s/pxJYEegek1TtsYCQupNR3d5hMlcJFsiD+2LyfKr4tc+gETTql47tWLX5mFSbPcbXh7f4+7txlMIDoZx/g==",
      "license": "MIT"
    }
  }
}
